{
  "name": "teact",
  "version": "1.3.0",
  "lockfileVersion": 1,
  "requires": true,
  "dependencies": {
    "benchmark": {
      "version": "https://registry.npmjs.org/benchmark/-/benchmark-1.0.0.tgz",
      "integrity": "sha1-Lx4vpMNZ8REiqhgwgiGOlX45DHM=",
      "dev": true
    },
    "coffee-script": {
      "version": "https://registry.npmjs.org/coffee-script/-/coffee-script-1.12.6.tgz",
      "integrity": "sha1-KFo/cRVokGUGTWv570Vy22ZpXL8=",
      "dev": true
    },
    "expect.js": {
      "version": "https://registry.npmjs.org/expect.js/-/expect.js-0.3.1.tgz",
      "integrity": "sha1-sKWaDS7/VDdUTr8M6qYBWEHQm1s=",
      "dev": true
    },
    "mocha": {
      "version": "https://registry.npmjs.org/mocha/-/mocha-2.5.3.tgz",
      "integrity": "sha1-FhvlvetJZ3HrmzV0UFC2IrWu/Fg=",
      "dev": true,
      "requires": {
        "commander": "https://registry.npmjs.org/commander/-/commander-2.3.0.tgz",
        "debug": "https://registry.npmjs.org/debug/-/debug-2.2.0.tgz",
        "diff": "https://registry.npmjs.org/diff/-/diff-1.4.0.tgz",
        "escape-string-regexp": "https://registry.npmjs.org/escape-string-regexp/-/escape-string-regexp-1.0.2.tgz",
        "glob": "https://registry.npmjs.org/glob/-/glob-3.2.11.tgz",
        "growl": "https://registry.npmjs.org/growl/-/growl-1.9.2.tgz",
        "jade": "https://registry.npmjs.org/jade/-/jade-0.26.3.tgz",
        "mkdirp": "https://registry.npmjs.org/mkdirp/-/mkdirp-0.5.1.tgz",
        "supports-color": "https://registry.npmjs.org/supports-color/-/supports-color-1.2.0.tgz",
        "to-iso-string": "https://registry.npmjs.org/to-iso-string/-/to-iso-string-0.0.2.tgz"
      },
      "dependencies": {
        "commander": {
          "version": "https://registry.npmjs.org/commander/-/commander-2.3.0.tgz",
          "integrity": "sha1-/UMOiJgy7DU7ms0d4hfBHLPu+HM=",
          "dev": true
        },
        "debug": {
          "version": "https://registry.npmjs.org/debug/-/debug-2.2.0.tgz",
          "integrity": "sha1-+HBX6ZWxofauaklgZkE3vFbwOdo=",
          "dev": true,
          "requires": {
            "ms": "https://registry.npmjs.org/ms/-/ms-0.7.1.tgz"
          }
        },
        "diff": {
          "version": "https://registry.npmjs.org/diff/-/diff-1.4.0.tgz",
          "integrity": "sha1-fyjS657nsVqX79ic5j3P2qPMur8=",
          "dev": true
        },
        "escape-string-regexp": {
          "version": "https://registry.npmjs.org/escape-string-regexp/-/escape-string-regexp-1.0.2.tgz",
          "integrity": "sha1-Tbwv5nTnGUnK8/smlc5/LcHZqNE=",
          "dev": true
        },
        "glob": {
          "version": "https://registry.npmjs.org/glob/-/glob-3.2.11.tgz",
          "integrity": "sha1-Spc/Y1uRkPcV0QmH1cAP0oFevj0=",
          "dev": true,
          "requires": {
            "inherits": "https://registry.npmjs.org/inherits/-/inherits-2.0.3.tgz",
            "minimatch": "https://registry.npmjs.org/minimatch/-/minimatch-0.3.0.tgz"
          }
        },
        "growl": {
          "version": "https://registry.npmjs.org/growl/-/growl-1.9.2.tgz",
          "integrity": "sha1-Dqd0NxXbjY3ixe3hd14bRayFwC8=",
          "dev": true
        },
        "inherits": {
          "version": "https://registry.npmjs.org/inherits/-/inherits-2.0.3.tgz",
          "integrity": "sha1-Yzwsg+PaQqUC9SRmAiSA9CCCYd4=",
          "dev": true
        },
        "jade": {
          "version": "https://registry.npmjs.org/jade/-/jade-0.26.3.tgz",
          "integrity": "sha1-jxDXl32NefL2/4YqgbBRPMslaGw=",
          "dev": true,
          "requires": {
            "commander": "https://registry.npmjs.org/commander/-/commander-0.6.1.tgz",
            "mkdirp": "https://registry.npmjs.org/mkdirp/-/mkdirp-0.3.0.tgz"
          },
          "dependencies": {
            "commander": {
              "version": "https://registry.npmjs.org/commander/-/commander-0.6.1.tgz",
              "integrity": "sha1-+mihT2qUXVTbvlDYzbMyDp47GgY=",
              "dev": true
            },
            "mkdirp": {
              "version": "https://registry.npmjs.org/mkdirp/-/mkdirp-0.3.0.tgz",
              "integrity": "sha1-G79asbqCevI1dRQ0kEJkVfSB/h4=",
              "dev": true
            }
          }
        },
        "lru-cache": {
          "version": "https://registry.npmjs.org/lru-cache/-/lru-cache-2.7.3.tgz",
          "integrity": "sha1-bUUk6LlV+V1PW1iFHOId1y+06VI=",
          "dev": true
        },
        "minimatch": {
          "version": "https://registry.npmjs.org/minimatch/-/minimatch-0.3.0.tgz",
          "integrity": "sha1-J12O2qxPG7MyZHIInnlJyDlGmd0=",
          "dev": true,
          "requires": {
            "lru-cache": "https://registry.npmjs.org/lru-cache/-/lru-cache-2.7.3.tgz",
            "sigmund": "https://registry.npmjs.org/sigmund/-/sigmund-1.0.1.tgz"
          }
        },
        "minimist": {
          "version": "https://registry.npmjs.org/minimist/-/minimist-0.0.8.tgz",
          "integrity": "sha1-hX/Kv8M5fSYluCKCYuhqp6ARsF0=",
          "dev": true
        },
        "mkdirp": {
          "version": "https://registry.npmjs.org/mkdirp/-/mkdirp-0.5.1.tgz",
          "integrity": "sha1-MAV0OOrGz3+MR2fzhkjWaX11yQM=",
          "dev": true,
          "requires": {
            "minimist": "https://registry.npmjs.org/minimist/-/minimist-0.0.8.tgz"
          }
        },
        "ms": {
          "version": "https://registry.npmjs.org/ms/-/ms-0.7.1.tgz",
          "integrity": "sha1-nNE8A62/8ltl7/3nzoZO6VIBcJg=",
          "dev": true
        },
        "sigmund": {
          "version": "https://registry.npmjs.org/sigmund/-/sigmund-1.0.1.tgz",
          "integrity": "sha1-P/IfGYytIXX587eBhT/ZTQ0ZtZA=",
          "dev": true
        },
        "supports-color": {
          "version": "https://registry.npmjs.org/supports-color/-/supports-color-1.2.0.tgz",
          "integrity": "sha1-/x7R5hFp0Gs88tWI4YixjYhH4X4=",
          "dev": true
        },
        "to-iso-string": {
          "version": "https://registry.npmjs.org/to-iso-string/-/to-iso-string-0.0.2.tgz",
          "integrity": "sha1-TcGeZk38y+Jb2NtQiwDG2hWCVdE=",
          "dev": true
        }
      }
    },
    "react": {
      "version": "https://registry.npmjs.org/react/-/react-15.6.1.tgz",
      "integrity": "sha1-uqhDTsZ4C96ZfNw4C3nNM7ljk98=",
      "dev": true,
      "requires": {
        "create-react-class": "https://registry.npmjs.org/create-react-class/-/create-react-class-15.6.0.tgz",
        "fbjs": "https://registry.npmjs.org/fbjs/-/fbjs-0.8.12.tgz",
        "loose-envify": "https://registry.npmjs.org/loose-envify/-/loose-envify-1.3.1.tgz",
        "object-assign": "https://registry.npmjs.org/object-assign/-/object-assign-4.1.1.tgz",
        "prop-types": "https://registry.npmjs.org/prop-types/-/prop-types-15.5.10.tgz"
      },
      "dependencies": {
        "asap": {
          "version": "https://registry.npmjs.org/asap/-/asap-2.0.5.tgz",
          "integrity": "sha1-UidltQw1EEkOUtfc/ghe+bqWlY8=",
          "dev": true
        },
        "core-js": {
          "version": "https://registry.npmjs.org/core-js/-/core-js-1.2.7.tgz",
          "integrity": "sha1-ZSKUwUZR2yj6k70tX/KYOk8IxjY=",
          "dev": true
        },
        "create-react-class": {
          "version": "https://registry.npmjs.org/create-react-class/-/create-react-class-15.6.0.tgz",
          "integrity": "sha1-q0SEl8JlZuHilBPogyB9V8/nvtQ=",
          "dev": true,
          "requires": {
            "fbjs": "https://registry.npmjs.org/fbjs/-/fbjs-0.8.12.tgz",
            "loose-envify": "https://registry.npmjs.org/loose-envify/-/loose-envify-1.3.1.tgz",
            "object-assign": "https://registry.npmjs.org/object-assign/-/object-assign-4.1.1.tgz"
          }
        },
        "encoding": {
          "version": "https://registry.npmjs.org/encoding/-/encoding-0.1.12.tgz",
          "integrity": "sha1-U4tm8+5izRq1HsMjgp0flIDHS+s=",
          "dev": true,
          "requires": {
            "iconv-lite": "https://registry.npmjs.org/iconv-lite/-/iconv-lite-0.4.18.tgz"
          }
        },
        "fbjs": {
          "version": "https://registry.npmjs.org/fbjs/-/fbjs-0.8.12.tgz",
          "integrity": "sha1-ELXZL3bUVXX9Y6IX1OoCvqL47QQ=",
          "dev": true,
          "requires": {
            "core-js": "https://registry.npmjs.org/core-js/-/core-js-1.2.7.tgz",
            "isomorphic-fetch": "https://registry.npmjs.org/isomorphic-fetch/-/isomorphic-fetch-2.2.1.tgz",
            "loose-envify": "https://registry.npmjs.org/loose-envify/-/loose-envify-1.3.1.tgz",
            "object-assign": "https://registry.npmjs.org/object-assign/-/object-assign-4.1.1.tgz",
            "promise": "https://registry.npmjs.org/promise/-/promise-7.3.1.tgz",
            "setimmediate": "https://registry.npmjs.org/setimmediate/-/setimmediate-1.0.5.tgz",
            "ua-parser-js": "https://registry.npmjs.org/ua-parser-js/-/ua-parser-js-0.7.13.tgz"
          }
        },
        "iconv-lite": {
          "version": "https://registry.npmjs.org/iconv-lite/-/iconv-lite-0.4.18.tgz",
          "integrity": "sha1-I9hlaxaq5nQqwpcy6o8DNqR4nPI=",
          "dev": true
        },
        "is-stream": {
          "version": "https://registry.npmjs.org/is-stream/-/is-stream-1.1.0.tgz",
          "integrity": "sha1-EtSj3U5o4Lec6428hBc66A2RykQ=",
          "dev": true
        },
        "isomorphic-fetch": {
          "version": "https://registry.npmjs.org/isomorphic-fetch/-/isomorphic-fetch-2.2.1.tgz",
          "integrity": "sha1-YRrhrPFPXoH3KVB0coGf6XM1WKk=",
          "dev": true,
          "requires": {
            "node-fetch": "https://registry.npmjs.org/node-fetch/-/node-fetch-1.7.1.tgz",
            "whatwg-fetch": "https://registry.npmjs.org/whatwg-fetch/-/whatwg-fetch-2.0.3.tgz"
          }
        },
        "js-tokens": {
          "version": "https://registry.npmjs.org/js-tokens/-/js-tokens-3.0.1.tgz",
          "integrity": "sha1-COnxMkhKLEWjCQfp3E1VZ7fxFNc=",
          "dev": true
        },
        "loose-envify": {
          "version": "https://registry.npmjs.org/loose-envify/-/loose-envify-1.3.1.tgz",
          "integrity": "sha1-0aitM/qc4OcT1l/dCsi3SNR4yEg=",
          "dev": true,
          "requires": {
            "js-tokens": "https://registry.npmjs.org/js-tokens/-/js-tokens-3.0.1.tgz"
          }
        },
        "node-fetch": {
          "version": "https://registry.npmjs.org/node-fetch/-/node-fetch-1.7.1.tgz",
          "integrity": "sha1-iZyz0KPJL5UsR/G4dvTIrqvUANU=",
          "dev": true,
          "requires": {
            "encoding": "https://registry.npmjs.org/encoding/-/encoding-0.1.12.tgz",
            "is-stream": "https://registry.npmjs.org/is-stream/-/is-stream-1.1.0.tgz"
          }
        },
        "object-assign": {
          "version": "https://registry.npmjs.org/object-assign/-/object-assign-4.1.1.tgz",
          "integrity": "sha1-IQmtx5ZYh8/AXLvUQsrIv7s2CGM=",
          "dev": true
        },
        "promise": {
          "version": "https://registry.npmjs.org/promise/-/promise-7.3.1.tgz",
          "integrity": "sha1-BktyYCsY+Q8pGSuLG8QY/9Hr078=",
          "dev": true,
          "requires": {
            "asap": "https://registry.npmjs.org/asap/-/asap-2.0.5.tgz"
          }
        },
        "prop-types": {
          "version": "https://registry.npmjs.org/prop-types/-/prop-types-15.5.10.tgz",
          "integrity": "sha1-J5ffwxJhguOpXj37suiT3ddFYVQ=",
          "dev": true,
          "requires": {
            "fbjs": "https://registry.npmjs.org/fbjs/-/fbjs-0.8.12.tgz",
            "loose-envify": "https://registry.npmjs.org/loose-envify/-/loose-envify-1.3.1.tgz"
          }
        },
        "setimmediate": {
          "version": "https://registry.npmjs.org/setimmediate/-/setimmediate-1.0.5.tgz",
          "integrity": "sha1-KQy7Iy4waULX1+qbg3Mqt4VvgoU=",
          "dev": true
        },
        "ua-parser-js": {
          "version": "https://registry.npmjs.org/ua-parser-js/-/ua-parser-js-0.7.13.tgz",
          "integrity": "sha1-zZ3S+GSTs/RNvu7zeA/adMXuFL4=",
          "dev": true
        },
        "whatwg-fetch": {
          "version": "https://registry.npmjs.org/whatwg-fetch/-/whatwg-fetch-2.0.3.tgz",
          "integrity": "sha1-nITsLc9oGH/wC8ZOEnS0QhduHIQ=",
          "dev": true
        }
      }
    },
    "react-dom": {
      "version": "https://registry.npmjs.org/react-dom/-/react-dom-15.6.1.tgz",
      "integrity": "sha1-LLDtQZEDjlPCCes6eaI+Kkz5lHA=",
      "dev": true,
      "requires": {
        "fbjs": "https://registry.npmjs.org/fbjs/-/fbjs-0.8.12.tgz",
        "loose-envify": "https://registry.npmjs.org/loose-envify/-/loose-envify-1.3.1.tgz",
        "object-assign": "https://registry.npmjs.org/object-assign/-/object-assign-4.1.1.tgz",
        "prop-types": "https://registry.npmjs.org/prop-types/-/prop-types-15.5.10.tgz"
      },
      "dependencies": {
        "asap": {
          "version": "https://registry.npmjs.org/asap/-/asap-2.0.5.tgz",
          "integrity": "sha1-UidltQw1EEkOUtfc/ghe+bqWlY8=",
          "dev": true
        },
        "core-js": {
          "version": "https://registry.npmjs.org/core-js/-/core-js-1.2.7.tgz",
          "integrity": "sha1-ZSKUwUZR2yj6k70tX/KYOk8IxjY=",
          "dev": true
        },
        "encoding": {
          "version": "https://registry.npmjs.org/encoding/-/encoding-0.1.12.tgz",
          "integrity": "sha1-U4tm8+5izRq1HsMjgp0flIDHS+s=",
          "dev": true,
          "requires": {
            "iconv-lite": "https://registry.npmjs.org/iconv-lite/-/iconv-lite-0.4.18.tgz"
          }
        },
        "fbjs": {
          "version": "https://registry.npmjs.org/fbjs/-/fbjs-0.8.12.tgz",
          "integrity": "sha1-ELXZL3bUVXX9Y6IX1OoCvqL47QQ=",
          "dev": true,
          "requires": {
            "core-js": "https://registry.npmjs.org/core-js/-/core-js-1.2.7.tgz",
            "isomorphic-fetch": "https://registry.npmjs.org/isomorphic-fetch/-/isomorphic-fetch-2.2.1.tgz",
            "loose-envify": "https://registry.npmjs.org/loose-envify/-/loose-envify-1.3.1.tgz",
            "object-assign": "https://registry.npmjs.org/object-assign/-/object-assign-4.1.1.tgz",
            "promise": "https://registry.npmjs.org/promise/-/promise-7.3.1.tgz",
            "setimmediate": "https://registry.npmjs.org/setimmediate/-/setimmediate-1.0.5.tgz",
            "ua-parser-js": "https://registry.npmjs.org/ua-parser-js/-/ua-parser-js-0.7.13.tgz"
          }
        },
        "iconv-lite": {
          "version": "https://registry.npmjs.org/iconv-lite/-/iconv-lite-0.4.18.tgz",
          "integrity": "sha1-I9hlaxaq5nQqwpcy6o8DNqR4nPI=",
          "dev": true
        },
        "is-stream": {
          "version": "https://registry.npmjs.org/is-stream/-/is-stream-1.1.0.tgz",
          "integrity": "sha1-EtSj3U5o4Lec6428hBc66A2RykQ=",
          "dev": true
        },
        "isomorphic-fetch": {
          "version": "https://registry.npmjs.org/isomorphic-fetch/-/isomorphic-fetch-2.2.1.tgz",
          "integrity": "sha1-YRrhrPFPXoH3KVB0coGf6XM1WKk=",
          "dev": true,
          "requires": {
            "node-fetch": "https://registry.npmjs.org/node-fetch/-/node-fetch-1.7.1.tgz",
            "whatwg-fetch": "https://registry.npmjs.org/whatwg-fetch/-/whatwg-fetch-2.0.3.tgz"
          }
        },
        "js-tokens": {
          "version": "https://registry.npmjs.org/js-tokens/-/js-tokens-3.0.1.tgz",
          "integrity": "sha1-COnxMkhKLEWjCQfp3E1VZ7fxFNc=",
          "dev": true
        },
        "loose-envify": {
          "version": "https://registry.npmjs.org/loose-envify/-/loose-envify-1.3.1.tgz",
          "integrity": "sha1-0aitM/qc4OcT1l/dCsi3SNR4yEg=",
          "dev": true,
          "requires": {
            "js-tokens": "https://registry.npmjs.org/js-tokens/-/js-tokens-3.0.1.tgz"
          }
        },
        "node-fetch": {
          "version": "https://registry.npmjs.org/node-fetch/-/node-fetch-1.7.1.tgz",
          "integrity": "sha1-iZyz0KPJL5UsR/G4dvTIrqvUANU=",
          "dev": true,
          "requires": {
            "encoding": "https://registry.npmjs.org/encoding/-/encoding-0.1.12.tgz",
            "is-stream": "https://registry.npmjs.org/is-stream/-/is-stream-1.1.0.tgz"
          }
        },
        "object-assign": {
          "version": "https://registry.npmjs.org/object-assign/-/object-assign-4.1.1.tgz",
          "integrity": "sha1-IQmtx5ZYh8/AXLvUQsrIv7s2CGM=",
          "dev": true
        },
        "promise": {
          "version": "https://registry.npmjs.org/promise/-/promise-7.3.1.tgz",
          "integrity": "sha1-BktyYCsY+Q8pGSuLG8QY/9Hr078=",
          "dev": true,
          "requires": {
            "asap": "https://registry.npmjs.org/asap/-/asap-2.0.5.tgz"
          }
        },
        "prop-types": {
          "version": "https://registry.npmjs.org/prop-types/-/prop-types-15.5.10.tgz",
          "integrity": "sha1-J5ffwxJhguOpXj37suiT3ddFYVQ=",
          "dev": true,
          "requires": {
            "fbjs": "https://registry.npmjs.org/fbjs/-/fbjs-0.8.12.tgz",
            "loose-envify": "https://registry.npmjs.org/loose-envify/-/loose-envify-1.3.1.tgz"
          }
        },
        "setimmediate": {
          "version": "https://registry.npmjs.org/setimmediate/-/setimmediate-1.0.5.tgz",
          "integrity": "sha1-KQy7Iy4waULX1+qbg3Mqt4VvgoU=",
          "dev": true
        },
        "ua-parser-js": {
          "version": "https://registry.npmjs.org/ua-parser-js/-/ua-parser-js-0.7.13.tgz",
          "integrity": "sha1-zZ3S+GSTs/RNvu7zeA/adMXuFL4=",
          "dev": true
        },
        "whatwg-fetch": {
          "version": "https://registry.npmjs.org/whatwg-fetch/-/whatwg-fetch-2.0.3.tgz",
          "integrity": "sha1-nITsLc9oGH/wC8ZOEnS0QhduHIQ=",
          "dev": true
        }
      }
    },
    "rebass": {
      "version": "1.0.3",
      "resolved": "https://registry.npmjs.org/rebass/-/rebass-1.0.3.tgz",
      "integrity": "sha512-zzpBzt0rlCaz7AWR0Tek8MTnjuwzoiziKpo2I+gpDe/w6gRG7PK55NLmLX4suWN8E/NO2AFy1zLEUO8LcapBUg==",
      "requires": {
        "grid-styled": "2.0.0-10",
        "palx": "1.0.2",
        "prop-types": "15.5.10",
        "recompose": "0.23.5",
        "styled-components": "2.1.2",
        "styled-system": "1.0.0-12",
        "tag-hoc": "1.0.0-0"
      },
      "dependencies": {
        "asap": {
          "version": "2.0.6",
          "resolved": "https://registry.npmjs.org/asap/-/asap-2.0.6.tgz",
          "integrity": "sha1-5QNHYR1+aQlDIIu9r+vLwvuGbUY="
        },
        "async-to-gen": {
          "version": "1.3.0",
          "resolved": "https://registry.npmjs.org/async-to-gen/-/async-to-gen-1.3.0.tgz",
          "integrity": "sha1-7BqzAcpYgd5k6K1lTNlr/V/MQ2Y=",
          "requires": {
            "babylon": "6.17.4",
            "magic-string": "0.19.1"
          }
        },
        "babylon": {
          "version": "6.17.4",
          "resolved": "https://registry.npmjs.org/babylon/-/babylon-6.17.4.tgz",
          "integrity": "sha512-kChlV+0SXkjE0vUn9OZ7pBMWRFd8uq3mZe8x1K6jhuNcAFAtEnjchFAqB+dYEXKyd+JpT6eppRR78QAr5gTsUw=="
        },
        "base64-js": {
          "version": "1.2.1",
          "resolved": "https://registry.npmjs.org/base64-js/-/base64-js-1.2.1.tgz",
          "integrity": "sha512-dwVUVIXsBZXwTuwnXI9RK8sBmgq09NDHzyR9SAph9eqk76gKK2JSQmZARC2zRC81JC2QTtxD0ARU5qTS25gIGw=="
        },
        "buffer": {
          "version": "5.0.7",
          "resolved": "https://registry.npmjs.org/buffer/-/buffer-5.0.7.tgz",
          "integrity": "sha512-NeeHXWh5pCbPQCt2/6rLvXqapZfVsqw/YgRgaHpT3H9Uzgs+S0lSg5SQzouIuDvcmlQRqBe8hOO2scKCu3cxrg==",
          "requires": {
            "base64-js": "1.2.1",
            "ieee754": "1.1.8"
          }
        },
        "bytes": {
          "version": "2.4.0",
          "resolved": "https://registry.npmjs.org/bytes/-/bytes-2.4.0.tgz",
          "integrity": "sha1-fZcZb51br39pNeJZhVSe3SpsIzk="
        },
        "change-emitter": {
          "version": "0.1.6",
          "resolved": "https://registry.npmjs.org/change-emitter/-/change-emitter-0.1.6.tgz",
          "integrity": "sha1-6LL+PX8at9aaMhma/5HqaTFAlRU="
        },
        "chroma-js": {
          "version": "1.3.4",
          "resolved": "https://registry.npmjs.org/chroma-js/-/chroma-js-1.3.4.tgz",
          "integrity": "sha1-k6fBnyh5YChcw/3rsgW46hoPBPk="
        },
        "core-js": {
          "version": "1.2.7",
          "resolved": "https://registry.npmjs.org/core-js/-/core-js-1.2.7.tgz",
          "integrity": "sha1-ZSKUwUZR2yj6k70tX/KYOk8IxjY="
        },
        "css-color-keywords": {
          "version": "1.0.0",
          "resolved": "https://registry.npmjs.org/css-color-keywords/-/css-color-keywords-1.0.0.tgz",
          "integrity": "sha1-/qJhbcZ2spYmhrOvjb2+GAskTgU="
        },
        "css-to-react-native": {
          "version": "2.0.4",
          "resolved": "https://registry.npmjs.org/css-to-react-native/-/css-to-react-native-2.0.4.tgz",
          "integrity": "sha1-z0zEB1WLNHTUuovhos07bOcTEBs=",
          "requires": {
            "css-color-keywords": "1.0.0",
            "fbjs": "0.8.14",
            "postcss-value-parser": "3.3.0"
          }
        },
        "encoding": {
          "version": "0.1.12",
          "resolved": "https://registry.npmjs.org/encoding/-/encoding-0.1.12.tgz",
          "integrity": "sha1-U4tm8+5izRq1HsMjgp0flIDHS+s=",
          "requires": {
            "iconv-lite": "0.4.18"
          }
        },
        "fbjs": {
          "version": "0.8.14",
          "resolved": "https://registry.npmjs.org/fbjs/-/fbjs-0.8.14.tgz",
          "integrity": "sha1-0dviviVMNakeCfMfnNUKQLKg7Rw=",
          "requires": {
            "core-js": "1.2.7",
            "isomorphic-fetch": "2.2.1",
            "loose-envify": "1.3.1",
            "object-assign": "4.1.1",
            "promise": "7.3.1",
            "setimmediate": "1.0.5",
            "ua-parser-js": "0.7.14"
          }
        },
        "grid-styled": {
          "version": "2.0.0-10",
          "resolved": "https://registry.npmjs.org/grid-styled/-/grid-styled-2.0.0-10.tgz",
          "integrity": "sha512-GTXVdAcNYvClVDYyA16uX308SFo534GNuGeF7X1A2+364aXHdMoc2pnWRDK8vjMHAdeCKfjhP/UKX1hHkNV6gQ==",
          "requires": {
            "prop-types": "15.5.10",
            "styled-components": "2.1.2",
            "styled-system": "1.0.0-12",
            "tag-hoc": "1.0.0-0"
          }
        },
        "has-flag": {
          "version": "1.0.0",
          "resolved": "https://registry.npmjs.org/has-flag/-/has-flag-1.0.0.tgz",
          "integrity": "sha1-nZ55MWXOAXoA8AQYxD+UKnsdEfo="
        },
        "hoist-non-react-statics": {
          "version": "1.2.0",
          "resolved": "https://registry.npmjs.org/hoist-non-react-statics/-/hoist-non-react-statics-1.2.0.tgz",
          "integrity": "sha1-qkSM8JhtVcxAdzsXF0t90GbLfPs="
        },
        "iconv-lite": {
          "version": "0.4.18",
          "resolved": "https://registry.npmjs.org/iconv-lite/-/iconv-lite-0.4.18.tgz",
          "integrity": "sha512-sr1ZQph3UwHTR0XftSbK85OvBbxe/abLGzEnPENCQwmHf7sck8Oyu4ob3LgBxWWxRoM+QszeUyl7jbqapu2TqA=="
        },
        "ieee754": {
          "version": "1.1.8",
          "resolved": "https://registry.npmjs.org/ieee754/-/ieee754-1.1.8.tgz",
          "integrity": "sha1-vjPUCsEO8ZJnAfbwii2G+/0a0+Q="
        },
        "is-async-supported": {
          "version": "1.2.0",
          "resolved": "https://registry.npmjs.org/is-async-supported/-/is-async-supported-1.2.0.tgz",
          "integrity": "sha1-INWKxNZwfrHLNxLdOEgMBTbyfAc="
        },
        "is-function": {
          "version": "1.0.1",
          "resolved": "https://registry.npmjs.org/is-function/-/is-function-1.0.1.tgz",
          "integrity": "sha1-Es+5i2W1fdPRk6MSH19uL0N2ArU="
        },
        "is-plain-object": {
          "version": "2.0.4",
          "resolved": "https://registry.npmjs.org/is-plain-object/-/is-plain-object-2.0.4.tgz",
          "integrity": "sha512-h5PpgXkWitc38BBMYawTYMWJHFZJVnBquFE57xFpjB8pJFiF6gZ+bU+WyI/yqXiFR5mdLsgYNaPe8uao6Uv9Og==",
          "requires": {
            "isobject": "3.0.1"
          }
        },
        "is-stream": {
          "version": "1.1.0",
          "resolved": "https://registry.npmjs.org/is-stream/-/is-stream-1.1.0.tgz",
          "integrity": "sha1-EtSj3U5o4Lec6428hBc66A2RykQ="
        },
        "isobject": {
          "version": "3.0.1",
          "resolved": "https://registry.npmjs.org/isobject/-/isobject-3.0.1.tgz",
          "integrity": "sha1-TkMekrEalzFjaqH5yNHMvP2reN8="
        },
        "isomorphic-fetch": {
          "version": "2.2.1",
          "resolved": "https://registry.npmjs.org/isomorphic-fetch/-/isomorphic-fetch-2.2.1.tgz",
          "integrity": "sha1-YRrhrPFPXoH3KVB0coGf6XM1WKk=",
          "requires": {
            "node-fetch": "1.7.2",
            "whatwg-fetch": "2.0.3"
          }
        },
        "isstream": {
          "version": "0.1.2",
          "resolved": "https://registry.npmjs.org/isstream/-/isstream-0.1.2.tgz",
          "integrity": "sha1-R+Y/evVa+m+S4VAOaQ64uFKcCZo="
        },
        "js-tokens": {
          "version": "3.0.2",
          "resolved": "https://registry.npmjs.org/js-tokens/-/js-tokens-3.0.2.tgz",
          "integrity": "sha1-mGbfOVECEw449/mWvOtlRDIJwls="
        },
        "loose-envify": {
          "version": "1.3.1",
          "resolved": "https://registry.npmjs.org/loose-envify/-/loose-envify-1.3.1.tgz",
          "integrity": "sha1-0aitM/qc4OcT1l/dCsi3SNR4yEg=",
          "requires": {
            "js-tokens": "3.0.2"
          }
        },
        "magic-string": {
          "version": "0.19.1",
          "resolved": "https://registry.npmjs.org/magic-string/-/magic-string-0.19.1.tgz",
          "integrity": "sha1-FNdoATyvLsj96hakmvgvw3fnUgE=",
          "requires": {
            "vlq": "0.2.2"
          }
        },
        "media-typer": {
          "version": "0.3.0",
          "resolved": "https://registry.npmjs.org/media-typer/-/media-typer-0.3.0.tgz",
          "integrity": "sha1-hxDXrwqmJvj/+hzgAWhUUmMlV0g="
        },
        "micro": {
          "version": "6.2.1",
          "resolved": "https://registry.npmjs.org/micro/-/micro-6.2.1.tgz",
          "integrity": "sha1-Bk2egHz40TKoIO/CrOe62NA6XFQ=",
          "requires": {
            "async-to-gen": "1.3.0",
            "is-async-supported": "1.2.0",
            "isstream": "0.1.2",
            "media-typer": "0.3.0",
            "minimist": "1.2.0",
            "raw-body": "2.2.0"
          }
        },
        "minimist": {
          "version": "1.2.0",
          "resolved": "https://registry.npmjs.org/minimist/-/minimist-1.2.0.tgz",
          "integrity": "sha1-o1AIsg9BOD7sH7kU9M1d95omQoQ="
        },
        "node-fetch": {
          "version": "1.7.2",
          "resolved": "https://registry.npmjs.org/node-fetch/-/node-fetch-1.7.2.tgz",
          "integrity": "sha512-xZZUq2yDhKMIn/UgG5q//IZSNLJIwW2QxS14CNH5spuiXkITM2pUitjdq58yLSaU7m4M0wBNaM2Gh/ggY4YJig==",
          "requires": {
            "encoding": "0.1.12",
            "is-stream": "1.1.0"
          }
        },
        "object-assign": {
          "version": "4.1.1",
          "resolved": "https://registry.npmjs.org/object-assign/-/object-assign-4.1.1.tgz",
          "integrity": "sha1-IQmtx5ZYh8/AXLvUQsrIv7s2CGM="
        },
        "palx": {
          "version": "1.0.2",
          "resolved": "https://registry.npmjs.org/palx/-/palx-1.0.2.tgz",
          "integrity": "sha1-Wg9ZrFQqap3XQi8p7ToxurW/4MQ=",
          "requires": {
            "chroma-js": "1.3.4",
            "micro": "6.2.1"
          }
        },
        "postcss-value-parser": {
          "version": "3.3.0",
          "resolved": "https://registry.npmjs.org/postcss-value-parser/-/postcss-value-parser-3.3.0.tgz",
          "integrity": "sha1-h/OPnxj3dKSrTIojL1xc6IcqnRU="
        },
        "promise": {
          "version": "7.3.1",
          "resolved": "https://registry.npmjs.org/promise/-/promise-7.3.1.tgz",
          "integrity": "sha512-nolQXZ/4L+bP/UGlkfaIujX9BKxGwmQ9OT4mOt5yvy8iK1h3wqTEJCijzGANTCCl9nWjY41juyAn2K3Q1hLLTg==",
          "requires": {
            "asap": "2.0.6"
          }
        },
        "prop-types": {
          "version": "15.5.10",
          "resolved": "https://registry.npmjs.org/prop-types/-/prop-types-15.5.10.tgz",
          "integrity": "sha1-J5ffwxJhguOpXj37suiT3ddFYVQ=",
          "requires": {
            "fbjs": "0.8.14",
            "loose-envify": "1.3.1"
          }
        },
        "raw-body": {
          "version": "2.2.0",
          "resolved": "https://registry.npmjs.org/raw-body/-/raw-body-2.2.0.tgz",
          "integrity": "sha1-mUl2z2pQlqQRYoQEkvC9xdbn+5Y=",
          "requires": {
            "bytes": "2.4.0",
            "iconv-lite": "0.4.15",
            "unpipe": "1.0.0"
          },
          "dependencies": {
            "iconv-lite": {
              "version": "0.4.15",
              "resolved": "https://registry.npmjs.org/iconv-lite/-/iconv-lite-0.4.15.tgz",
              "integrity": "sha1-/iZaIYrGpXz+hUkn6dBMGYJe3es="
            }
          }
        },
        "recompose": {
          "version": "0.23.5",
          "resolved": "https://registry.npmjs.org/recompose/-/recompose-0.23.5.tgz",
          "integrity": "sha1-cqyCYSRr7DeCNdGHRn0CpyHosd4=",
          "requires": {
            "change-emitter": "0.1.6",
            "fbjs": "0.8.14",
            "hoist-non-react-statics": "1.2.0",
            "symbol-observable": "1.0.4"
          }
        },
        "setimmediate": {
          "version": "1.0.5",
          "resolved": "https://registry.npmjs.org/setimmediate/-/setimmediate-1.0.5.tgz",
          "integrity": "sha1-KQy7Iy4waULX1+qbg3Mqt4VvgoU="
        },
        "styled-components": {
          "version": "2.1.2",
          "resolved": "https://registry.npmjs.org/styled-components/-/styled-components-2.1.2.tgz",
          "integrity": "sha512-PuEOMaCmtdWE7zaswiXAGN3GzWe3FWd3dJgyXMsOXIqyViKeVu1yHSxRsSkoWRg+l07qs9KJh8gk8udCZl5NmQ==",
          "requires": {
            "buffer": "5.0.7",
            "css-to-react-native": "2.0.4",
            "fbjs": "0.8.14",
            "hoist-non-react-statics": "1.2.0",
            "is-function": "1.0.1",
            "is-plain-object": "2.0.4",
            "prop-types": "15.5.10",
            "stylis": "3.2.8",
            "supports-color": "3.2.3"
          }
        },
        "styled-system": {
          "version": "1.0.0-12",
          "resolved": "https://registry.npmjs.org/styled-system/-/styled-system-1.0.0-12.tgz",
          "integrity": "sha512-QVHIZ2XwHRIQEdp7R/pVnmydqa3OA2S/4BswoqYjqChp6c4wFkOTMqSWo5PNVXsQ633Db0aVdueJrFkMEI8y6w=="
        },
        "stylis": {
          "version": "3.2.8",
          "resolved": "https://registry.npmjs.org/stylis/-/stylis-3.2.8.tgz",
          "integrity": "sha1-myOj4GWX95RKPZrogNV5Yki4eE8="
        },
        "supports-color": {
          "version": "3.2.3",
          "resolved": "https://registry.npmjs.org/supports-color/-/supports-color-3.2.3.tgz",
          "integrity": "sha1-ZawFBLOVQXHYpklGsq48u4pfVPY=",
          "requires": {
            "has-flag": "1.0.0"
          }
        },
        "symbol-observable": {
          "version": "1.0.4",
          "resolved": "https://registry.npmjs.org/symbol-observable/-/symbol-observable-1.0.4.tgz",
          "integrity": "sha1-Kb9hXUqnEhvdiYsi1LP5vE4qoD0="
        },
        "tag-hoc": {
          "version": "1.0.0-0",
          "resolved": "https://registry.npmjs.org/tag-hoc/-/tag-hoc-1.0.0-0.tgz",
          "integrity": "sha512-pvpiw9Bq04NIhrsKDCJvQMm6I4yirMYU3N6EVSM6US3KMolAeO8NAY+D93rRm3W2ZNef/gaO4tNWig+otZ+KSg=="
        },
        "ua-parser-js": {
          "version": "0.7.14",
          "resolved": "https://registry.npmjs.org/ua-parser-js/-/ua-parser-js-0.7.14.tgz",
          "integrity": "sha1-EQ1T+kw/MmwSEpK76skE0uAzh8o="
        },
        "unpipe": {
          "version": "1.0.0",
          "resolved": "https://registry.npmjs.org/unpipe/-/unpipe-1.0.0.tgz",
          "integrity": "sha1-sr9O6FFKrmFltIF4KdIbLvSZBOw="
        },
        "vlq": {
          "version": "0.2.2",
          "resolved": "https://registry.npmjs.org/vlq/-/vlq-0.2.2.tgz",
          "integrity": "sha1-4xbVJXtAuGu0PLjV/qXX9U1rDKE="
        },
        "whatwg-fetch": {
          "version": "2.0.3",
          "resolved": "https://registry.npmjs.org/whatwg-fetch/-/whatwg-fetch-2.0.3.tgz",
          "integrity": "sha1-nITsLc9oGH/wC8ZOEnS0QhduHIQ="
        }
      }
    }
  }
}
